// !$*UTF8*$!
{
	archiveVersion = 1;
	classes = {
	};
	objectVersion = 48;
	objects = {

/* Begin PBXBuildFile section */
		BAE6CCBB1FDD14E80066CCB8 /* AppDelegate.swift in Sources */ = {isa = PBXBuildFile; fileRef = BAE6CCBA1FDD14E80066CCB8 /* AppDelegate.swift */; };
		BAE6CCBD1FDD14E80066CCB8 /* ViewController.swift in Sources */ = {isa = PBXBuildFile; fileRef = BAE6CCBC1FDD14E80066CCB8 /* ViewController.swift */; };
		BAE6CCC01FDD14E80066CCB8 /* Main.storyboard in Resources */ = {isa = PBXBuildFile; fileRef = BAE6CCBE1FDD14E80066CCB8 /* Main.storyboard */; };
		BAE6CCC21FDD14E80066CCB8 /* Assets.xcassets in Resources */ = {isa = PBXBuildFile; fileRef = BAE6CCC11FDD14E80066CCB8 /* Assets.xcassets */; };
		BAE6CCC51FDD14E80066CCB8 /* LaunchScreen.storyboard in Resources */ = {isa = PBXBuildFile; fileRef = BAE6CCC31FDD14E80066CCB8 /* LaunchScreen.storyboard */; };
/* End PBXBuildFile section */

/* Begin PBXFileReference section */
		BAE6CCB71FDD14E80066CCB8 /* FunnyNumber.app */ = {isa = PBXFileReference; explicitFileType = wrapper.application; includeInIndex = 0; path = FunnyNumber.app; sourceTree = BUILT_PRODUCTS_DIR; };
		BAE6CCBA1FDD14E80066CCB8 /* AppDelegate.swift */ = {isa = PBXFileReference; lastKnownFileType = sourcecode.swift; path = AppDelegate.swift; sourceTree = "<group>"; };
		BAE6CCBC1FDD14E80066CCB8 /* ViewController.swift */ = {isa = PBXFileReference; lastKnownFileType = sourcecode.swift; path = ViewController.swift; sourceTree = "<group>"; };
		BAE6CCBF1FDD14E80066CCB8 /* Base */ = {isa = PBXFileReference; lastKnownFileType = file.storyboard; name = Base; path = Base.lproj/Main.storyboard; sourceTree = "<group>"; };
		BAE6CCC11FDD14E80066CCB8 /* Assets.xcassets */ = {isa = PBXFileReference; lastKnownFileType = folder.assetcatalog; path = Assets.xcassets; sourceTree = "<group>"; };
		BAE6CCC41FDD14E80066CCB8 /* Base */ = {isa = PBXFileReference; lastKnownFileType = file.storyboard; name = Base; path = Base.lproj/LaunchScreen.storyboard; sourceTree = "<group>"; };
		BAE6CCC61FDD14E80066CCB8 /* Info.plist */ = {isa = PBXFileReference; lastKnownFileType = text.plist.xml; path = Info.plist; sourceTree = "<group>"; };
/* End PBXFileReference section */

/* Begin PBXFrameworksBuildPhase section */
		BAE6CCB41FDD14E80066CCB8 /* Frameworks */ = {
			isa = PBXFrameworksBuildPhase;
			buildActionMask = 2147483647;
			files = (
			);
			runOnlyForDeploymentPostprocessing = 0;
		};
/* End PBXFrameworksBuildPhase section */

/* Begin PBXGroup section */
		BAE6CCAE1FDD14E80066CCB8 = {
			isa = PBXGroup;
			children = (
				BAE6CCB91FDD14E80066CCB8 /* FunnyNumber */,
				BAE6CCB81FDD14E80066CCB8 /* Products */,
			);
			sourceTree = "<group>";
		};
		BAE6CCB81FDD14E80066CCB8 /* Products */ = {
			isa = PBXGroup;
			children = (
				BAE6CCB71FDD14E80066CCB8 /* FunnyNumber.app */,
			);
			name = Products;
			sourceTree = "<group>";
		};
		BAE6CCB91FDD14E80066CCB8 /* FunnyNumber */ = {
			isa = PBXGroup;
			children = (
				BAE6CCBA1FDD14E80066CCB8 /* AppDelegate.swift */,
				BAE6CCBC1FDD14E80066CCB8 /* ViewController.swift */,
				BAE6CCBE1FDD14E80066CCB8 /* Main.storyboard */,
				BAE6CCC11FDD14E80066CCB8 /* Assets.xcassets */,
				BAE6CCC31FDD14E80066CCB8 /* LaunchScreen.storyboard */,
				BAE6CCC61FDD14E80066CCB8 /* Info.plist */,
			);
			path = FunnyNumber;
			sourceTree = "<group>";
		};
/* End PBXGroup section */

/* Begin PBXNativeTarget section */
		BAE6CCB61FDD14E80066CCB8 /* FunnyNumber */ = {
			isa = PBXNativeTarget;
			buildConfigurationList = BAE6CCC91FDD14E80066CCB8 /* Build configuration list for PBXNativeTarget "FunnyNumber" */;
			buildPhases = (
				BAE6CCB31FDD14E80066CCB8 /* Sources */,
				BAE6CCB41FDD14E80066CCB8 /* Frameworks */,
				BAE6CCB51FDD14E80066CCB8 /* Resources */,
			);
			buildRules = (
			);
			dependencies = (
			);
			name = FunnyNumber;
			productName = FunnyNumber;
			productReference = BAE6CCB71FDD14E80066CCB8 /* FunnyNumber.app */;
			productType = "com.apple.product-type.application";
		};
/* End PBXNativeTarget section */

/* Begin PBXProject section */
		BAE6CCAF1FDD14E80066CCB8 /* Project object */ = {
			isa = PBXProject;
			attributes = {
				LastSwiftUpdateCheck = 0920;
				LastUpgradeCheck = 0920;
				ORGANIZATIONNAME = "Thanchanok Trakarnmaneerat";
				TargetAttributes = {
					BAE6CCB61FDD14E80066CCB8 = {
						CreatedOnToolsVersion = 9.2;
						ProvisioningStyle = Automatic;
					};
				};
			};
			buildConfigurationList = BAE6CCB21FDD14E80066CCB8 /* Build configuration list for PBXProject "FunnyNumber" */;
			compatibilityVersion = "Xcode 8.0";
			developmentRegion = en;
			hasScannedForEncodings = 0;
			knownRegions = (
				en,
				Base,
			);
			mainGroup = BAE6CCAE1FDD14E80066CCB8;
			productRefGroup = BAE6CCB81FDD14E80066CCB8 /* Products */;
			projectDirPath = "";
			projectRoot = "";
			targets = (
				BAE6CCB61FDD14E80066CCB8 /* FunnyNumber */,
			);
		};
/* End PBXProject section */

/* Begin PBXResourcesBuildPhase section */
		BAE6CCB51FDD14E80066CCB8 /* Resources */ = {
			isa = PBXResourcesBuildPhase;
			buildActionMask = 2147483647;
			files = (
				BAE6CCC51FDD14E80066CCB8 /* LaunchScreen.storyboard in Resources */,
				BAE6CCC21FDD14E80066CCB8 /* Assets.xcassets in Resources */,
				BAE6CCC01FDD14E80066CCB8 /* Main.storyboard in Resources */,
			);
			runOnlyForDeploymentPostprocessing = 0;
		};
/* End PBXResourcesBuildPhase section */

/* Begin PBXSourcesBuildPhase section */
		BAE6CCB31FDD14E80066CCB8 /* Sources */ = {
			isa = PBXSourcesBuildPhase;
			buildActionMask = 2147483647;
			files = (
				BAE6CCBD1FDD14E80066CCB8 /* ViewController.swift in Sources */,
				BAE6CCBB1FDD14E80066CCB8 /* AppDelegate.swift in Sources */,
			);
			runOnlyForDeploymentPostprocessing = 0;
		};
/* End PBXSourcesBuildPhase section */

/* Begin PBXVariantGroup section */
		BAE6CCBE1FDD14E80066CCB8 /* Main.storyboard */ = {
			isa = PBXVariantGroup;
			children = (
				BAE6CCBF1FDD14E80066CCB8 /* Base */,
			);
			name = Main.storyboard;
			sourceTree = "<group>";
		};
		BAE6CCC31FDD14E80066CCB8 /* LaunchScreen.storyboard */ = {
			isa = PBXVariantGroup;
			children = (
				BAE6CCC41FDD14E80066CCB8 /* Base */,
			);
			name = LaunchScreen.storyboard;
			sourceTree = "<group>";
		};
/* End PBXVariantGroup section */

/* Begin XCBuildConfiguration section */
		BAE6CCC71FDD14E80066CCB8 /* Debug */ = {
			isa = XCBuildConfiguration;
			buildSettings = {
				ALWAYS_SEARCH_USER_PATHS = NO;
				CLANG_ANALYZER_NONNULL = YES;
				CLANG_ANALYZER_NUMBER_OBJECT_CONVERSION = YES_AGGRESSIVE;
				CLANG_CXX_LANGUAGE_STANDARD = "gnu++14";
				CLANG_CXX_LIBRARY = "libc++";
				CLANG_ENABLE_MODULES = YES;
				CLANG_ENABLE_OBJC_ARC = YES;
				CLANG_WARN_BLOCK_CAPTURE_AUTORELEASING = YES;
				CLANG_WARN_BOOL_CONVERSION = YES;
				CLANG_WARN_COMMA = YES;
				CLANG_WARN_CONSTANT_CONVERSION = YES;
				CLANG_WARN_DIRECT_OBJC_ISA_USAGE = YES_ERROR;
				CLANG_WARN_DOCUMENTATION_COMMENTS = YES;
				CLANG_WARN_EMPTY_BODY = YES;
				CLANG_WARN_ENUM_CONVERSION = YES;
				CLANG_WARN_INFINITE_RECURSION = YES;
				CLANG_WARN_INT_CONVERSION = YES;
				CLANG_WARN_NON_LITERAL_NULL_CONVERSION = YES;
				CLANG_WARN_OBJC_LITERAL_CONVERSION = YES;
				CLANG_WARN_OBJC_ROOT_CLASS = YES_ERROR;
				CLANG_WARN_RANGE_LOOP_ANALYSIS = YES;
				CLANG_WARN_STRICT_PROTOTYPES = YES;
				CLANG_WARN_SUSPICIOUS_MOVE = YES;
				CLANG_WARN_UNGUARDED_AVAILABILITY = YES_AGGRESSIVE;
				CLANG_WARN_UNREACHABLE_CODE = YES;
				CLANG_WARN__DUPLICATE_METHOD_MATCH = YES;
				CODE_SIGN_IDENTITY = "iPhone Developer";
				COPY_PHASE_STRIP = NO;
				DEBUG_INFORMATION_FORMAT = dwarf;
				ENABLE_STRICT_OBJC_MSGSEND = YES;
				ENABLE_TESTABILITY = YES;
				GCC_C_LANGUAGE_STANDARD = gnu11;
				GCC_DYNAMIC_NO_PIC = NO;
				GCC_NO_COMMON_BLOCKS = YES;
				GCC_OPTIMIZATION_LEVEL = 0;
				GCC_PREPROCESSOR_DEFINITIONS = (
					"DEBUG=1",
					"$(inherited)",
				);
				GCC_WARN_64_TO_32_BIT_CONVERSION = YES;
				GCC_WARN_ABOUT_RETURN_TYPE = YES_ERROR;
				GCC_WARN_UNDECLARED_SELECTOR = YES;
				GCC_WARN_UNINITIALIZED_AUTOS = YES_AGGRESSIVE;
				GCC_WARN_UNUSED_FUNCTION = YES;
				GCC_WARN_UNUSED_VARIABLE = YES;
				IPHONEOS_DEPLOYMENT_TARGET = 11.2;
				MTL_ENABLE_DEBUG_INFO = YES;
				ONLY_ACTIVE_ARCH = YES;
				SDKROOT = iphoneos;
				SWIFT_ACTIVE_COMPILATION_CONDITIONS = DEBUG;
				SWIFT_OPTIMIZATION_LEVEL = "-Onone";
			};
			name = Debug;
		};
		BAE6CCC81FDD14E80066CCB8 /* Release */ = {
			isa = XCBuildConfiguration;
			buildSettings = {
				ALWAYS_SEARCH_USER_PATHS = NO;
				CLANG_ANALYZER_NONNULL = YES;
				CLANG_ANALYZER_NUMBER_OBJECT_CONVERSION = YES_AGGRESSIVE;
				CLANG_CXX_LANGUAGE_STANDARD = "gnu++14";
				CLANG_CXX_LIBRARY = "libc++";
				CLANG_ENABLE_MODULES = YES;
				CLANG_ENABLE_OBJC_ARC = YES;
				CLANG_WARN_BLOCK_CAPTURE_AUTORELEASING = YES;
				CLANG_WARN_BOOL_CONVERSION = YES;
				CLANG_WARN_COMMA = YES;
				CLANG_WARN_CONSTANT_CONVERSION = YES;
				CLANG_WARN_DIRECT_OBJC_ISA_USAGE = YES_ERROR;
				CLANG_WARN_DOCUMENTATION_COMMENTS = YES;
				CLANG_WARN_EMPTY_BODY = YES;
				CLANG_WARN_ENUM_CONVERSION = YES;
				CLANG_WARN_INFINITE_RECURSION = YES;
				CLANG_WARN_INT_CONVERSION = YES;
				CLANG_WARN_NON_LITERAL_NULL_CONVERSION = YES;
				CLANG_WARN_OBJC_LITERAL_CONVERSION = YES;
				CLANG_WARN_OBJC_ROOT_CLASS = YES_ERROR;
				CLANG_WARN_RANGE_LOOP_ANALYSIS = YES;
				CLANG_WARN_STRICT_PROTOTYPES = YES;
				CLANG_WARN_SUSPICIOUS_MOVE = YES;
				CLANG_WARN_UNGUARDED_AVAILABILITY = YES_AGGRESSIVE;
				CLANG_WARN_UNREACHABLE_CODE = YES;
				CLANG_WARN__DUPLICATE_METHOD_MATCH = YES;
				CODE_SIGN_IDENTITY = "iPhone Developer";
				COPY_PHASE_STRIP = NO;
				DEBUG_INFORMATION_FORMAT = "dwarf-with-dsym";
				ENABLE_NS_ASSERTIONS = NO;
				ENABLE_STRICT_OBJC_MSGSEND = YES;
				GCC_C_LANGUAGE_STANDARD = gnu11;
				GCC_NO_COMMON_BLOCKS = YES;
				GCC_WARN_64_TO_32_BIT_CONVERSION = YES;
				GCC_WARN_ABOUT_RETURN_TYPE = YES_ERROR;
				GCC_WARN_UNDECLARED_SELECTOR = YES;
				GCC_WARN_UNINITIALIZED_AUTOS = YES_AGGRESSIVE;
				GCC_WARN_UNUSED_FUNCTION = YES;
				GCC_WARN_UNUSED_VARIABLE = YES;
				IPHONEOS_DEPLOYMENT_TARGET = 11.2;
				MTL_ENABLE_DEBUG_INFO = NO;
				SDKROOT = iphoneos;
				SWIFT_OPTIMIZATION_LEVEL = "-Owholemodule";
				VALIDATE_PRODUCT = YES;
			};
			name = Release;
		};
		BAE6CCCA1FDD14E80066CCB8 /* Debug */ = {
			isa = XCBuildConfiguration;
			buildSettings = {
				ASSETCATALOG_COMPILER_APPICON_NAME = AppIcon;
				CODE_SIGN_STYLE = Automatic;
				INFOPLIST_FILE = FunnyNumber/Info.plist;
				LD_RUNPATH_SEARCH_PATHS = "$(inherited) @executable_path/Frameworks";
				PRODUCT_BUNDLE_IDENTIFIER = Ploythan.FunnyNumber;
				PRODUCT_NAME = "$(TARGET_NAME)";
				SWIFT_VERSION = 4.0;
				TARGETED_DEVICE_FAMILY = "1,2";
			};
			name = Debug;
		};
		BAE6CCCB1FDD14E80066CCB8 /* Release */ = {
			isa = XCBuildConfiguration;
			buildSettings = {
				ASSETCATALOG_COMPILER_APPICON_NAME = AppIcon;
				CODE_SIGN_STYLE = Automatic;
				INFOPLIST_FILE = FunnyNumber/Info.plist;
				LD_RUNPATH_SEARCH_PATHS = "$(inherited) @executable_path/Frameworks";
				PRODUCT_BUNDLE_IDENTIFIER = Ploythan.FunnyNumber;
				PRODUCT_NAME = "$(TARGET_NAME)";
				SWIFT_VERSION = 4.0;
				TARGETED_DEVICE_FAMILY = "1,2";
			};
			name = Release;
		};
/* End XCBuildConfiguration section */

/* Begin XCConfigurationList section */
		BAE6CCB21FDD14E80066CCB8 /* Build configuration list for PBXProject "FunnyNumber" */ = {
			isa = XCConfigurationList;
			buildConfigurations = (
				BAE6CCC71FDD14E80066CCB8 /* Debug */,
				BAE6CCC81FDD14E80066CCB8 /* Release */,
			);
			defaultConfigurationIsVisible = 0;
			defaultConfigurationName = Release;
		};
		BAE6CCC91FDD14E80066CCB8 /* Build configuration list for PBXNativeTarget "FunnyNumber" */ = {
			isa = XCConfigurationList;
			buildConfigurations = (
				BAE6CCCA1FDD14E80066CCB8 /* Debug */,
				BAE6CCCB1FDD14E80066CCB8 /* Release */,
			);
			defaultConfigurationIsVisible = 0;
			defaultConfigurationName = Release;
		};
/* End XCConfigurationList section */
	};
	rootObject = BAE6CCAF1FDD14E80066CCB8 /* Project object */;
}
